
Microsoft Visual Studio Solution File, Format Version 12.00
# Visual Studio Version 16
VisualStudioVersion = 16.0.30804.86
MinimumVisualStudioVersion = 10.0.40219.1
Project("{FAE04EC0-301F-11D3-BF4B-00C04F79EFBC}") = "Timesheet_App_Bachelor_Thesis.Server", "Timesheet_App_Bachelor_Thesis\Server\Timesheet_App_Bachelor_Thesis.Server.csproj", "{4CA7CA05-7397-4DDC-9186-FA47CC01FE9B}"
EndProject
Project("{FAE04EC0-301F-11D3-BF4B-00C04F79EFBC}") = "Timesheet_App_Bachelor_Thesis.Client", "Timesheet_App_Bachelor_Thesis\Client\Timesheet_App_Bachelor_Thesis.Client.csproj", "{5D14D00B-0CC5-45F2-825B-245A8218D5A4}"
EndProject
Project("{FAE04EC0-301F-11D3-BF4B-00C04F79EFBC}") = "Timesheet_App_Bachelor_Thesis.Shared", "Timesheet_App_Bachelor_Thesis\Shared\Timesheet_App_Bachelor_Thesis.Shared.csproj", "{B2D2FAA3-2280-4DCF-8F40-E38C1C02E290}"
EndProject
Global
	GlobalSection(SolutionConfigurationPlatforms) = preSolution
		Debug|Any CPU = Debug|Any CPU
		Release|Any CPU = Release|Any CPU
	EndGlobalSection
	GlobalSection(ProjectConfigurationPlatforms) = postSolution
		{4CA7CA05-7397-4DDC-9186-FA47CC01FE9B}.Debug|Any CPU.ActiveCfg = Debug|Any CPU
		{4CA7CA05-7397-4DDC-9186-FA47CC01FE9B}.Debug|Any CPU.Build.0 = Debug|Any CPU
		{4CA7CA05-7397-4DDC-9186-FA47CC01FE9B}.Release|Any CPU.ActiveCfg = Release|Any CPU
		{4CA7CA05-7397-4DDC-9186-FA47CC01FE9B}.Release|Any CPU.Build.0 = Release|Any CPU
		{5D14D00B-0CC5-45F2-825B-245A8218D5A4}.Debug|Any CPU.ActiveCfg = Debug|Any CPU
		{5D14D00B-0CC5-45F2-825B-245A8218D5A4}.Debug|Any CPU.Build.0 = Debug|Any CPU
		{5D14D00B-0CC5-45F2-825B-245A8218D5A4}.Release|Any CPU.ActiveCfg = Release|Any CPU
		{5D14D00B-0CC5-45F2-825B-245A8218D5A4}.Release|Any CPU.Build.0 = Release|Any CPU
		{B2D2FAA3-2280-4DCF-8F40-E38C1C02E290}.Debug|Any CPU.ActiveCfg = Debug|Any CPU
		{B2D2FAA3-2280-4DCF-8F40-E38C1C02E290}.Debug|Any CPU.Build.0 = Debug|Any CPU
		{B2D2FAA3-2280-4DCF-8F40-E38C1C02E290}.Release|Any CPU.ActiveCfg = Release|Any CPU
		{B2D2FAA3-2280-4DCF-8F40-E38C1C02E290}.Release|Any CPU.Build.0 = Release|Any CPU
	EndGlobalSection
	GlobalSection(SolutionProperties) = preSolution
		HideSolutionNode = FALSE
	EndGlobalSection
	GlobalSection(ExtensibilityGlobals) = postSolution
		SolutionGuid = {B0504F8C-17F9-4F02-8F96-850C3FDA8074}
	EndGlobalSection
EndGlobal
